
Microsoft Visual Studio Solution File, Format Version 12.00
# Visual Studio Version 16
VisualStudioVersion = 16.0.30907.101
MinimumVisualStudioVersion = 10.0.40219.1
Project("{FAE04EC0-301F-11D3-BF4B-00C04F79EFBC}") = "bee", "bee.csproj", "{99888C82-BAC2-4FDE-A394-1E9901E9BCAE}"
EndProject
Global
	GlobalSection(SolutionConfigurationPlatforms) = preSolution
		Debug|Any CPU = Debug|Any CPU
		Release|Any CPU = Release|Any CPU
	EndGlobalSection
	GlobalSection(ProjectConfigurationPlatforms) = postSolution
		{99888C82-BAC2-4FDE-A394-1E9901E9BCAE}.Debug|Any CPU.ActiveCfg = Debug|Any CPU
		{99888C82-BAC2-4FDE-A394-1E9901E9BCAE}.Debug|Any CPU.Build.0 = Debug|Any CPU
		{99888C82-BAC2-4FDE-A394-1E9901E9BCAE}.Release|Any CPU.ActiveCfg = Release|Any CPU
		{99888C82-BAC2-4FDE-A394-1E9901E9BCAE}.Release|Any CPU.Build.0 = Release|Any CPU
	EndGlobalSection
	GlobalSection(SolutionProperties) = preSolution
		HideSolutionNode = FALSE
	EndGlobalSection
	GlobalSection(ExtensibilityGlobals) = postSolution
		SolutionGuid = {0F6166A9-1F88-4611-A960-F7317A0C5839}
	EndGlobalSection
EndGlobal
